
Microsoft Visual Studio Solution File, Format Version 12.00
# Visual Studio 15
VisualStudioVersion = 15.0.28010.2036
MinimumVisualStudioVersion = 10.0.40219.1
Project("{FAE04EC0-301F-11D3-BF4B-00C04F79EFBC}") = "Scraper", "ScraperEx\Scraper.csproj", "{4EAE1F32-D855-4A9C-B36E-A3CD938DC39D}"
EndProject
Global
	GlobalSection(SolutionConfigurationPlatforms) = preSolution
		Debug|Any CPU = Debug|Any CPU
		Release|Any CPU = Release|Any CPU
	EndGlobalSection
	GlobalSection(ProjectConfigurationPlatforms) = postSolution
		{4EAE1F32-D855-4A9C-B36E-A3CD938DC39D}.Debug|Any CPU.ActiveCfg = Debug|Any CPU
		{4EAE1F32-D855-4A9C-B36E-A3CD938DC39D}.Debug|Any CPU.Build.0 = Debug|Any CPU
		{4EAE1F32-D855-4A9C-B36E-A3CD938DC39D}.Release|Any CPU.ActiveCfg = Release|Any CPU
		{4EAE1F32-D855-4A9C-B36E-A3CD938DC39D}.Release|Any CPU.Build.0 = Release|Any CPU
	EndGlobalSection
	GlobalSection(SolutionProperties) = preSolution
		HideSolutionNode = FALSE
	EndGlobalSection
	GlobalSection(ExtensibilityGlobals) = postSolution
		SolutionGuid = {626F600D-00CF-4CAB-B12A-BF1ECAE6D0CB}
	EndGlobalSection
EndGlobal
